
Microsoft Visual Studio Solution File, Format Version 12.00
# Visual Studio 15
VisualStudioVersion = 15.9.28307.718
MinimumVisualStudioVersion = 10.0.40219.1
Project("{FAE04EC0-301F-11D3-BF4B-00C04F79EFBC}") = "holoROSunity_v2", "holoROSunity_v2\holoROSunity_v2.csproj", "{13A45C13-3265-47B8-BC48-A553B569DF55}"
	ProjectSection(ProjectDependencies) = postProject
		{0A7C8FD6-2218-4C8A-9F4A-2D361505D50B} = {0A7C8FD6-2218-4C8A-9F4A-2D361505D50B}
		{AD6C0A7F-8328-4774-A802-7C9E081DD3D8} = {AD6C0A7F-8328-4774-A802-7C9E081DD3D8}
		{24F4EE63-2093-4313-92AD-E35AADF965F7} = {24F4EE63-2093-4313-92AD-E35AADF965F7}
		{910A3CC5-C4EC-4E88-92CD-1A1AAF551387} = {910A3CC5-C4EC-4E88-92CD-1A1AAF551387}
	EndProjectSection
EndProject
Project("{FAE04EC0-301F-11D3-BF4B-00C04F79EFBC}") = "Assembly-CSharp", "C:\Users\cps\Desktop\sdsdsd\82\GeneratedProjects\UWP\Assembly-CSharp\Assembly-CSharp.csproj", "{0A7C8FD6-2218-4C8A-9F4A-2D361505D50B}"
EndProject
Project("{FAE04EC0-301F-11D3-BF4B-00C04F79EFBC}") = "Unity.TextMeshPro", "C:\Users\cps\Desktop\sdsdsd\82\GeneratedProjects\UWP\Unity.TextMeshPro\Unity.TextMeshPro.csproj", "{AD6C0A7F-8328-4774-A802-7C9E081DD3D8}"
EndProject
Project("{FAE04EC0-301F-11D3-BF4B-00C04F79EFBC}") = "Unity.Analytics.DataPrivacy", "C:\Users\cps\Desktop\sdsdsd\82\GeneratedProjects\UWP\Unity.Analytics.DataPrivacy\Unity.Analytics.DataPrivacy.csproj", "{24F4EE63-2093-4313-92AD-E35AADF965F7}"
EndProject
Project("{FAE04EC0-301F-11D3-BF4B-00C04F79EFBC}") = "Unity.XR.WindowsMR", "C:\Users\cps\Desktop\sdsdsd\82\GeneratedProjects\UWP\Unity.XR.WindowsMR\Unity.XR.WindowsMR.csproj", "{910A3CC5-C4EC-4E88-92CD-1A1AAF551387}"
EndProject
Global
	GlobalSection(SolutionConfigurationPlatforms) = preSolution
		Debug|ARM = Debug|ARM
		Debug|x64 = Debug|x64
		Debug|x86 = Debug|x86
		Master|ARM = Master|ARM
		Master|x64 = Master|x64
		Master|x86 = Master|x86
		Release|ARM = Release|ARM
		Release|x64 = Release|x64
		Release|x86 = Release|x86
	EndGlobalSection
	GlobalSection(ProjectConfigurationPlatforms) = postSolution
		{13A45C13-3265-47B8-BC48-A553B569DF55}.Debug|ARM.ActiveCfg = Debug|ARM
		{13A45C13-3265-47B8-BC48-A553B569DF55}.Debug|ARM.Build.0 = Debug|ARM
		{13A45C13-3265-47B8-BC48-A553B569DF55}.Debug|ARM.Deploy.0 = Debug|ARM
		{13A45C13-3265-47B8-BC48-A553B569DF55}.Debug|x64.ActiveCfg = Debug|x64
		{13A45C13-3265-47B8-BC48-A553B569DF55}.Debug|x64.Build.0 = Debug|x64
		{13A45C13-3265-47B8-BC48-A553B569DF55}.Debug|x64.Deploy.0 = Debug|x64
		{13A45C13-3265-47B8-BC48-A553B569DF55}.Debug|x86.ActiveCfg = Debug|x86
		{13A45C13-3265-47B8-BC48-A553B569DF55}.Debug|x86.Build.0 = Debug|x86
		{13A45C13-3265-47B8-BC48-A553B569DF55}.Debug|x86.Deploy.0 = Debug|x86
		{13A45C13-3265-47B8-BC48-A553B569DF55}.Master|ARM.ActiveCfg = Master|ARM
		{13A45C13-3265-47B8-BC48-A553B569DF55}.Master|ARM.Build.0 = Master|ARM
		{13A45C13-3265-47B8-BC48-A553B569DF55}.Master|ARM.Deploy.0 = Master|ARM
		{13A45C13-3265-47B8-BC48-A553B569DF55}.Master|x64.ActiveCfg = Master|x64
		{13A45C13-3265-47B8-BC48-A553B569DF55}.Master|x64.Build.0 = Master|x64
		{13A45C13-3265-47B8-BC48-A553B569DF55}.Master|x64.Deploy.0 = Master|x64
		{13A45C13-3265-47B8-BC48-A553B569DF55}.Master|x86.ActiveCfg = Master|x86
		{13A45C13-3265-47B8-BC48-A553B569DF55}.Master|x86.Build.0 = Master|x86
		{13A45C13-3265-47B8-BC48-A553B569DF55}.Master|x86.Deploy.0 = Master|x86
		{13A45C13-3265-47B8-BC48-A553B569DF55}.Release|ARM.ActiveCfg = Release|ARM
		{13A45C13-3265-47B8-BC48-A553B569DF55}.Release|ARM.Build.0 = Release|ARM
		{13A45C13-3265-47B8-BC48-A553B569DF55}.Release|ARM.Deploy.0 = Release|ARM
		{13A45C13-3265-47B8-BC48-A553B569DF55}.Release|x64.ActiveCfg = Release|x64
		{13A45C13-3265-47B8-BC48-A553B569DF55}.Release|x64.Build.0 = Release|x64
		{13A45C13-3265-47B8-BC48-A553B569DF55}.Release|x64.Deploy.0 = Release|x64
		{13A45C13-3265-47B8-BC48-A553B569DF55}.Release|x86.ActiveCfg = Release|x86
		{13A45C13-3265-47B8-BC48-A553B569DF55}.Release|x86.Build.0 = Release|x86
		{13A45C13-3265-47B8-BC48-A553B569DF55}.Release|x86.Deploy.0 = Release|x86
		{0A7C8FD6-2218-4C8A-9F4A-2D361505D50B}.Debug|ARM.ActiveCfg = Debug|ARM
		{0A7C8FD6-2218-4C8A-9F4A-2D361505D50B}.Debug|ARM.Build.0 = Debug|ARM
		{0A7C8FD6-2218-4C8A-9F4A-2D361505D50B}.Debug|x64.ActiveCfg = Debug|x64
		{0A7C8FD6-2218-4C8A-9F4A-2D361505D50B}.Debug|x64.Build.0 = Debug|x64
		{0A7C8FD6-2218-4C8A-9F4A-2D361505D50B}.Debug|x86.ActiveCfg = Debug|x86
		{0A7C8FD6-2218-4C8A-9F4A-2D361505D50B}.Debug|x86.Build.0 = Debug|x86
		{0A7C8FD6-2218-4C8A-9F4A-2D361505D50B}.Master|ARM.ActiveCfg = Master|ARM
		{0A7C8FD6-2218-4C8A-9F4A-2D361505D50B}.Master|ARM.Build.0 = Master|ARM
		{0A7C8FD6-2218-4C8A-9F4A-2D361505D50B}.Master|x64.ActiveCfg = Master|x64
		{0A7C8FD6-2218-4C8A-9F4A-2D361505D50B}.Master|x64.Build.0 = Master|x64
		{0A7C8FD6-2218-4C8A-9F4A-2D361505D50B}.Master|x86.ActiveCfg = Master|x86
		{0A7C8FD6-2218-4C8A-9F4A-2D361505D50B}.Master|x86.Build.0 = Master|x86
		{0A7C8FD6-2218-4C8A-9F4A-2D361505D50B}.Release|ARM.ActiveCfg = Release|ARM
		{0A7C8FD6-2218-4C8A-9F4A-2D361505D50B}.Release|ARM.Build.0 = Release|ARM
		{0A7C8FD6-2218-4C8A-9F4A-2D361505D50B}.Release|x64.ActiveCfg = Release|x64
		{0A7C8FD6-2218-4C8A-9F4A-2D361505D50B}.Release|x64.Build.0 = Release|x64
		{0A7C8FD6-2218-4C8A-9F4A-2D361505D50B}.Release|x86.ActiveCfg = Release|x86
		{0A7C8FD6-2218-4C8A-9F4A-2D361505D50B}.Release|x86.Build.0 = Release|x86
		{AD6C0A7F-8328-4774-A802-7C9E081DD3D8}.Debug|ARM.ActiveCfg = Debug|ARM
		{AD6C0A7F-8328-4774-A802-7C9E081DD3D8}.Debug|ARM.Build.0 = Debug|ARM
		{AD6C0A7F-8328-4774-A802-7C9E081DD3D8}.Debug|x64.ActiveCfg = Debug|x64
		{AD6C0A7F-8328-4774-A802-7C9E081DD3D8}.Debug|x64.Build.0 = Debug|x64
		{AD6C0A7F-8328-4774-A802-7C9E081DD3D8}.Debug|x86.ActiveCfg = Debug|x86
		{AD6C0A7F-8328-4774-A802-7C9E081DD3D8}.Debug|x86.Build.0 = Debug|x86
		{AD6C0A7F-8328-4774-A802-7C9E081DD3D8}.Master|ARM.ActiveCfg = Master|ARM
		{AD6C0A7F-8328-4774-A802-7C9E081DD3D8}.Master|ARM.Build.0 = Master|ARM
		{AD6C0A7F-8328-4774-A802-7C9E081DD3D8}.Master|x64.ActiveCfg = Master|x64
		{AD6C0A7F-8328-4774-A802-7C9E081DD3D8}.Master|x64.Build.0 = Master|x64
		{AD6C0A7F-8328-4774-A802-7C9E081DD3D8}.Master|x86.ActiveCfg = Master|x86
		{AD6C0A7F-8328-4774-A802-7C9E081DD3D8}.Master|x86.Build.0 = Master|x86
		{AD6C0A7F-8328-4774-A802-7C9E081DD3D8}.Release|ARM.ActiveCfg = Release|ARM
		{AD6C0A7F-8328-4774-A802-7C9E081DD3D8}.Release|ARM.Build.0 = Release|ARM
		{AD6C0A7F-8328-4774-A802-7C9E081DD3D8}.Release|x64.ActiveCfg = Release|x64
		{AD6C0A7F-8328-4774-A802-7C9E081DD3D8}.Release|x64.Build.0 = Release|x64
		{AD6C0A7F-8328-4774-A802-7C9E081DD3D8}.Release|x86.ActiveCfg = Release|x86
		{AD6C0A7F-8328-4774-A802-7C9E081DD3D8}.Release|x86.Build.0 = Release|x86
		{24F4EE63-2093-4313-92AD-E35AADF965F7}.Debug|ARM.ActiveCfg = Debug|ARM
		{24F4EE63-2093-4313-92AD-E35AADF965F7}.Debug|ARM.Build.0 = Debug|ARM
		{24F4EE63-2093-4313-92AD-E35AADF965F7}.Debug|x64.ActiveCfg = Debug|x64
		{24F4EE63-2093-4313-92AD-E35AADF965F7}.Debug|x64.Build.0 = Debug|x64
		{24F4EE63-2093-4313-92AD-E35AADF965F7}.Debug|x86.ActiveCfg = Debug|x86
		{24F4EE63-2093-4313-92AD-E35AADF965F7}.Debug|x86.Build.0 = Debug|x86
		{24F4EE63-2093-4313-92AD-E35AADF965F7}.Master|ARM.ActiveCfg = Master|ARM
		{24F4EE63-2093-4313-92AD-E35AADF965F7}.Master|ARM.Build.0 = Master|ARM
		{24F4EE63-2093-4313-92AD-E35AADF965F7}.Master|x64.ActiveCfg = Master|x64
		{24F4EE63-2093-4313-92AD-E35AADF965F7}.Master|x64.Build.0 = Master|x64
		{24F4EE63-2093-4313-92AD-E35AADF965F7}.Master|x86.ActiveCfg = Master|x86
		{24F4EE63-2093-4313-92AD-E35AADF965F7}.Master|x86.Build.0 = Master|x86
		{24F4EE63-2093-4313-92AD-E35AADF965F7}.Release|ARM.ActiveCfg = Release|ARM
		{24F4EE63-2093-4313-92AD-E35AADF965F7}.Release|ARM.Build.0 = Release|ARM
		{24F4EE63-2093-4313-92AD-E35AADF965F7}.Release|x64.ActiveCfg = Release|x64
		{24F4EE63-2093-4313-92AD-E35AADF965F7}.Release|x64.Build.0 = Release|x64
		{24F4EE63-2093-4313-92AD-E35AADF965F7}.Release|x86.ActiveCfg = Release|x86
		{24F4EE63-2093-4313-92AD-E35AADF965F7}.Release|x86.Build.0 = Release|x86
		{910A3CC5-C4EC-4E88-92CD-1A1AAF551387}.Debug|ARM.ActiveCfg = Debug|ARM
		{910A3CC5-C4EC-4E88-92CD-1A1AAF551387}.Debug|ARM.Build.0 = Debug|ARM
		{910A3CC5-C4EC-4E88-92CD-1A1AAF551387}.Debug|x64.ActiveCfg = Debug|x64
		{910A3CC5-C4EC-4E88-92CD-1A1AAF551387}.Debug|x64.Build.0 = Debug|x64
		{910A3CC5-C4EC-4E88-92CD-1A1AAF551387}.Debug|x86.ActiveCfg = Debug|x86
		{910A3CC5-C4EC-4E88-92CD-1A1AAF551387}.Debug|x86.Build.0 = Debug|x86
		{910A3CC5-C4EC-4E88-92CD-1A1AAF551387}.Master|ARM.ActiveCfg = Master|ARM
		{910A3CC5-C4EC-4E88-92CD-1A1AAF551387}.Master|ARM.Build.0 = Master|ARM
		{910A3CC5-C4EC-4E88-92CD-1A1AAF551387}.Master|x64.ActiveCfg = Master|x64
		{910A3CC5-C4EC-4E88-92CD-1A1AAF551387}.Master|x64.Build.0 = Master|x64
		{910A3CC5-C4EC-4E88-92CD-1A1AAF551387}.Master|x86.ActiveCfg = Master|x86
		{910A3CC5-C4EC-4E88-92CD-1A1AAF551387}.Master|x86.Build.0 = Master|x86
		{910A3CC5-C4EC-4E88-92CD-1A1AAF551387}.Release|ARM.ActiveCfg = Release|ARM
		{910A3CC5-C4EC-4E88-92CD-1A1AAF551387}.Release|ARM.Build.0 = Release|ARM
		{910A3CC5-C4EC-4E88-92CD-1A1AAF551387}.Release|x64.ActiveCfg = Release|x64
		{910A3CC5-C4EC-4E88-92CD-1A1AAF551387}.Release|x64.Build.0 = Release|x64
		{910A3CC5-C4EC-4E88-92CD-1A1AAF551387}.Release|x86.ActiveCfg = Release|x86
		{910A3CC5-C4EC-4E88-92CD-1A1AAF551387}.Release|x86.Build.0 = Release|x86
	EndGlobalSection
	GlobalSection(SolutionProperties) = preSolution
		HideSolutionNode = FALSE
	EndGlobalSection
	GlobalSection(ExtensibilityGlobals) = postSolution
		SolutionGuid = {E94B40DC-C52D-4AFB-833F-7DFA0E346DB2}
	EndGlobalSection
EndGlobal
